// !$*UTF8*$!
{
	archiveVersion = 1;
	classes = {
	};
	objectVersion = 46;
	objects = {

/* Begin PBXBuildFile section */
		8019A451177CA9A2000E372C /* Productos+Create.m in Sources */ = {isa = PBXBuildFile; fileRef = 8019A450177CA999000E372C /* Productos+Create.m */; };
		8019A456177CC682000E372C /* BVProductosTests.m in Sources */ = {isa = PBXBuildFile; fileRef = 8019A455177CC663000E372C /* BVProductosTests.m */; };
		8019A45B177CC8E5000E372C /* Productos.m in Sources */ = {isa = PBXBuildFile; fileRef = 8019A45A177CC8C3000E372C /* Productos.m */; };
		8019A45C177CC8E5000E372C /* Usuario.m in Sources */ = {isa = PBXBuildFile; fileRef = 8019A458177CC8C3000E372C /* Usuario.m */; };
		80BDAB7E177221E100431A64 /* BVLoginTests.m in Sources */ = {isa = PBXBuildFile; fileRef = 80BDAB7D1772217300431A64 /* BVLoginTests.m */; };
		80BDAB811772500300431A64 /* BVApiConnection.m in Sources */ = {isa = PBXBuildFile; fileRef = 80BDAB8017724FDF00431A64 /* BVApiConnection.m */; };
		80C7BF35177B7D1000936A2C /* BVProductosViewController.m in Sources */ = {isa = PBXBuildFile; fileRef = 80C7BF34177B73C700936A2C /* BVProductosViewController.m */; };
		80C7BF38177B922B00936A2C /* Usuario+Create.m in Sources */ = {isa = PBXBuildFile; fileRef = 80BDAB7A1772101A00431A64 /* Usuario+Create.m */; };
		80E05694176900F100C15EC6 /* Foundation.framework in Frameworks */ = {isa = PBXBuildFile; fileRef = 80E05693176900F100C15EC6 /* Foundation.framework */; };
		80E05696176900F100C15EC6 /* CoreGraphics.framework in Frameworks */ = {isa = PBXBuildFile; fileRef = 80E05695176900F100C15EC6 /* CoreGraphics.framework */; };
		80E05698176900F100C15EC6 /* UIKit.framework in Frameworks */ = {isa = PBXBuildFile; fileRef = 80E05697176900F100C15EC6 /* UIKit.framework */; };
		80E0569A176900F100C15EC6 /* CoreData.framework in Frameworks */ = {isa = PBXBuildFile; fileRef = 80E05699176900F100C15EC6 /* CoreData.framework */; };
		80E056A0176900F100C15EC6 /* InfoPlist.strings in Resources */ = {isa = PBXBuildFile; fileRef = 80E0569E176900F100C15EC6 /* InfoPlist.strings */; };
		80E056A2176900F100C15EC6 /* main.m in Sources */ = {isa = PBXBuildFile; fileRef = 80E056A1176900F100C15EC6 /* main.m */; };
		80E056A6176900F100C15EC6 /* BVAppDelegate.m in Sources */ = {isa = PBXBuildFile; fileRef = 80E056A5176900F100C15EC6 /* BVAppDelegate.m */; };
		80E056A9176900F100C15EC6 /* Main.storyboard in Resources */ = {isa = PBXBuildFile; fileRef = 80E056A7176900F100C15EC6 /* Main.storyboard */; };
		80E056AC176900F100C15EC6 /* ios_clientes.xcdatamodeld in Sources */ = {isa = PBXBuildFile; fileRef = 80E056AA176900F100C15EC6 /* ios_clientes.xcdatamodeld */; };
		80E056AF176900F100C15EC6 /* BVMasterViewController.m in Sources */ = {isa = PBXBuildFile; fileRef = 80E056AE176900F100C15EC6 /* BVMasterViewController.m */; };
		80E056B2176900F100C15EC6 /* BVLoginViewController.m in Sources */ = {isa = PBXBuildFile; fileRef = 80E056B1176900F100C15EC6 /* BVLoginViewController.m */; };
		80E056B4176900F100C15EC6 /* Images.xcassets in Resources */ = {isa = PBXBuildFile; fileRef = 80E056B3176900F100C15EC6 /* Images.xcassets */; };
		80E056BB176900F100C15EC6 /* XCTest.framework in Frameworks */ = {isa = PBXBuildFile; fileRef = 80E056BA176900F100C15EC6 /* XCTest.framework */; };
		80E056BC176900F100C15EC6 /* Foundation.framework in Frameworks */ = {isa = PBXBuildFile; fileRef = 80E05693176900F100C15EC6 /* Foundation.framework */; };
		80E056BD176900F100C15EC6 /* UIKit.framework in Frameworks */ = {isa = PBXBuildFile; fileRef = 80E05697176900F100C15EC6 /* UIKit.framework */; };
		80E056BE176900F100C15EC6 /* CoreData.framework in Frameworks */ = {isa = PBXBuildFile; fileRef = 80E05699176900F100C15EC6 /* CoreData.framework */; };
		80E056C6176900F100C15EC6 /* InfoPlist.strings in Resources */ = {isa = PBXBuildFile; fileRef = 80E056C4176900F100C15EC6 /* InfoPlist.strings */; };
		80FFB4D31770CD01005DB06F /* BVRutTextField.m in Sources */ = {isa = PBXBuildFile; fileRef = 80FC577A17709278008CC3EB /* BVRutTextField.m */; };
		80FFB4D91770DF2E005DB06F /* CommonAlgorithm.m in Sources */ = {isa = PBXBuildFile; fileRef = 80FFB4D81770DDA5005DB06F /* CommonAlgorithm.m */; };
/* End PBXBuildFile section */

/* Begin PBXContainerItemProxy section */
		80E056BF176900F100C15EC6 /* PBXContainerItemProxy */ = {
			isa = PBXContainerItemProxy;
			containerPortal = 80E05688176900F100C15EC6 /* Project object */;
			proxyType = 1;
			remoteGlobalIDString = 80E0568F176900F100C15EC6;
			remoteInfo = "ios-clientes";
		};
/* End PBXContainerItemProxy section */

/* Begin PBXFileReference section */
		8019A44F177CA999000E372C /* Productos+Create.h */ = {isa = PBXFileReference; lastKnownFileType = sourcecode.c.h; path = "Productos+Create.h"; sourceTree = "<group>"; };
		8019A450177CA999000E372C /* Productos+Create.m */ = {isa = PBXFileReference; lastKnownFileType = sourcecode.c.objc; path = "Productos+Create.m"; sourceTree = "<group>"; };
		8019A455177CC663000E372C /* BVProductosTests.m */ = {isa = PBXFileReference; lastKnownFileType = sourcecode.c.objc; path = BVProductosTests.m; sourceTree = "<group>"; };
		8019A457177CC8C3000E372C /* Usuario.h */ = {isa = PBXFileReference; lastKnownFileType = sourcecode.c.h; path = Usuario.h; sourceTree = SOURCE_ROOT; };
		8019A458177CC8C3000E372C /* Usuario.m */ = {isa = PBXFileReference; lastKnownFileType = sourcecode.c.objc; path = Usuario.m; sourceTree = SOURCE_ROOT; };
		8019A459177CC8C3000E372C /* Productos.h */ = {isa = PBXFileReference; lastKnownFileType = sourcecode.c.h; path = Productos.h; sourceTree = SOURCE_ROOT; };
		8019A45A177CC8C3000E372C /* Productos.m */ = {isa = PBXFileReference; lastKnownFileType = sourcecode.c.objc; path = Productos.m; sourceTree = SOURCE_ROOT; };
		80BDAB791772101A00431A64 /* Usuario+Create.h */ = {isa = PBXFileReference; lastKnownFileType = sourcecode.c.h; path = "Usuario+Create.h"; sourceTree = "<group>"; };
		80BDAB7A1772101A00431A64 /* Usuario+Create.m */ = {isa = PBXFileReference; lastKnownFileType = sourcecode.c.objc; path = "Usuario+Create.m"; sourceTree = "<group>"; };
		80BDAB7D1772217300431A64 /* BVLoginTests.m */ = {isa = PBXFileReference; lastKnownFileType = sourcecode.c.objc; path = BVLoginTests.m; sourceTree = "<group>"; };
		80BDAB7F17724FDF00431A64 /* BVApiConnection.h */ = {isa = PBXFileReference; lastKnownFileType = sourcecode.c.h; path = BVApiConnection.h; sourceTree = "<group>"; };
		80BDAB8017724FDF00431A64 /* BVApiConnection.m */ = {isa = PBXFileReference; lastKnownFileType = sourcecode.c.objc; path = BVApiConnection.m; sourceTree = "<group>"; };
		80C7BF33177B73C700936A2C /* BVProductosViewController.h */ = {isa = PBXFileReference; lastKnownFileType = sourcecode.c.h; path = BVProductosViewController.h; sourceTree = "<group>"; };
		80C7BF34177B73C700936A2C /* BVProductosViewController.m */ = {isa = PBXFileReference; lastKnownFileType = sourcecode.c.objc; path = BVProductosViewController.m; sourceTree = "<group>"; };
		80E05690176900F100C15EC6 /* ios-clientes.app */ = {isa = PBXFileReference; explicitFileType = wrapper.application; includeInIndex = 0; path = "ios-clientes.app"; sourceTree = BUILT_PRODUCTS_DIR; };
		80E05693176900F100C15EC6 /* Foundation.framework */ = {isa = PBXFileReference; lastKnownFileType = wrapper.framework; name = Foundation.framework; path = System/Library/Frameworks/Foundation.framework; sourceTree = SDKROOT; };
		80E05695176900F100C15EC6 /* CoreGraphics.framework */ = {isa = PBXFileReference; lastKnownFileType = wrapper.framework; name = CoreGraphics.framework; path = System/Library/Frameworks/CoreGraphics.framework; sourceTree = SDKROOT; };
		80E05697176900F100C15EC6 /* UIKit.framework */ = {isa = PBXFileReference; lastKnownFileType = wrapper.framework; name = UIKit.framework; path = System/Library/Frameworks/UIKit.framework; sourceTree = SDKROOT; };
		80E05699176900F100C15EC6 /* CoreData.framework */ = {isa = PBXFileReference; lastKnownFileType = wrapper.framework; name = CoreData.framework; path = System/Library/Frameworks/CoreData.framework; sourceTree = SDKROOT; };
		80E0569D176900F100C15EC6 /* ios-clientes-Info.plist */ = {isa = PBXFileReference; lastKnownFileType = text.plist.xml; path = "ios-clientes-Info.plist"; sourceTree = "<group>"; };
		80E0569F176900F100C15EC6 /* en */ = {isa = PBXFileReference; lastKnownFileType = text.plist.strings; name = en; path = en.lproj/InfoPlist.strings; sourceTree = "<group>"; };
		80E056A1176900F100C15EC6 /* main.m */ = {isa = PBXFileReference; lastKnownFileType = sourcecode.c.objc; path = main.m; sourceTree = "<group>"; };
		80E056A3176900F100C15EC6 /* ios-clientes-Prefix.pch */ = {isa = PBXFileReference; lastKnownFileType = sourcecode.c.h; path = "ios-clientes-Prefix.pch"; sourceTree = "<group>"; };
		80E056A4176900F100C15EC6 /* BVAppDelegate.h */ = {isa = PBXFileReference; lastKnownFileType = sourcecode.c.h; path = BVAppDelegate.h; sourceTree = "<group>"; };
		80E056A5176900F100C15EC6 /* BVAppDelegate.m */ = {isa = PBXFileReference; lastKnownFileType = sourcecode.c.objc; path = BVAppDelegate.m; sourceTree = "<group>"; };
		80E056A8176900F100C15EC6 /* Base */ = {isa = PBXFileReference; lastKnownFileType = file.storyboard; name = Base; path = Base.lproj/Main.storyboard; sourceTree = "<group>"; };
		80E056AB176900F100C15EC6 /* ios_clientes.xcdatamodel */ = {isa = PBXFileReference; lastKnownFileType = wrapper.xcdatamodel; path = ios_clientes.xcdatamodel; sourceTree = "<group>"; };
		80E056AD176900F100C15EC6 /* BVMasterViewController.h */ = {isa = PBXFileReference; lastKnownFileType = sourcecode.c.h; path = BVMasterViewController.h; sourceTree = "<group>"; };
		80E056AE176900F100C15EC6 /* BVMasterViewController.m */ = {isa = PBXFileReference; lastKnownFileType = sourcecode.c.objc; path = BVMasterViewController.m; sourceTree = "<group>"; };
		80E056B0176900F100C15EC6 /* BVLoginViewController.h */ = {isa = PBXFileReference; lastKnownFileType = sourcecode.c.h; path = BVLoginViewController.h; sourceTree = "<group>"; };
		80E056B1176900F100C15EC6 /* BVLoginViewController.m */ = {isa = PBXFileReference; lastKnownFileType = sourcecode.c.objc; path = BVLoginViewController.m; sourceTree = "<group>"; };
		80E056B3176900F100C15EC6 /* Images.xcassets */ = {isa = PBXFileReference; lastKnownFileType = folder.assetcatalog; path = Images.xcassets; sourceTree = "<group>"; };
		80E056B9176900F100C15EC6 /* ios-clientesTests.xctest */ = {isa = PBXFileReference; explicitFileType = wrapper.cfbundle; includeInIndex = 0; path = "ios-clientesTests.xctest"; sourceTree = BUILT_PRODUCTS_DIR; };
		80E056BA176900F100C15EC6 /* XCTest.framework */ = {isa = PBXFileReference; lastKnownFileType = wrapper.framework; name = XCTest.framework; path = Library/Frameworks/XCTest.framework; sourceTree = DEVELOPER_DIR; };
		80E056C3176900F100C15EC6 /* ios-clientesTests-Info.plist */ = {isa = PBXFileReference; lastKnownFileType = text.plist.xml; path = "ios-clientesTests-Info.plist"; sourceTree = "<group>"; };
		80E056C5176900F100C15EC6 /* en */ = {isa = PBXFileReference; lastKnownFileType = text.plist.strings; name = en; path = en.lproj/InfoPlist.strings; sourceTree = "<group>"; };
		80FC577917709278008CC3EB /* BVRutTextField.h */ = {isa = PBXFileReference; lastKnownFileType = sourcecode.c.h; path = BVRutTextField.h; sourceTree = "<group>"; };
		80FC577A17709278008CC3EB /* BVRutTextField.m */ = {isa = PBXFileReference; lastKnownFileType = sourcecode.c.objc; path = BVRutTextField.m; sourceTree = "<group>"; };
		80FFB4D41770CF90005DB06F /* BVRutTextFieldDelegate.h */ = {isa = PBXFileReference; lastKnownFileType = sourcecode.c.h; path = BVRutTextFieldDelegate.h; sourceTree = "<group>"; };
		80FFB4D71770DDA5005DB06F /* CommonAlgorithm.h */ = {isa = PBXFileReference; lastKnownFileType = sourcecode.c.h; path = CommonAlgorithm.h; sourceTree = "<group>"; };
		80FFB4D81770DDA5005DB06F /* CommonAlgorithm.m */ = {isa = PBXFileReference; lastKnownFileType = sourcecode.c.objc; path = CommonAlgorithm.m; sourceTree = "<group>"; };
/* End PBXFileReference section */

/* Begin PBXFrameworksBuildPhase section */
		80E0568D176900F100C15EC6 /* Frameworks */ = {
			isa = PBXFrameworksBuildPhase;
			buildActionMask = 2147483647;
			files = (
				80E05694176900F100C15EC6 /* Foundation.framework in Frameworks */,
				80E05696176900F100C15EC6 /* CoreGraphics.framework in Frameworks */,
				80E0569A176900F100C15EC6 /* CoreData.framework in Frameworks */,
				80E05698176900F100C15EC6 /* UIKit.framework in Frameworks */,
			);
			runOnlyForDeploymentPostprocessing = 0;
		};
		80E056B6176900F100C15EC6 /* Frameworks */ = {
			isa = PBXFrameworksBuildPhase;
			buildActionMask = 2147483647;
			files = (
				80E056BC176900F100C15EC6 /* Foundation.framework in Frameworks */,
				80E056BB176900F100C15EC6 /* XCTest.framework in Frameworks */,
				80E056BE176900F100C15EC6 /* CoreData.framework in Frameworks */,
				80E056BD176900F100C15EC6 /* UIKit.framework in Frameworks */,
			);
			runOnlyForDeploymentPostprocessing = 0;
		};
/* End PBXFrameworksBuildPhase section */

/* Begin PBXGroup section */
		803DF4F5176F8E5F00C81849 /* ViewControllers */ = {
			isa = PBXGroup;
			children = (
				80E056B0176900F100C15EC6 /* BVLoginViewController.h */,
				80E056B1176900F100C15EC6 /* BVLoginViewController.m */,
				80C7BF33177B73C700936A2C /* BVProductosViewController.h */,
				80C7BF34177B73C700936A2C /* BVProductosViewController.m */,
			);
			name = ViewControllers;
			sourceTree = "<group>";
		};
		80BDAB7317720EF000431A64 /* Models */ = {
			isa = PBXGroup;
			children = (
				80BDAB7817720FC800431A64 /* Categories */,
				8019A459177CC8C3000E372C /* Productos.h */,
				8019A45A177CC8C3000E372C /* Productos.m */,
				8019A457177CC8C3000E372C /* Usuario.h */,
				8019A458177CC8C3000E372C /* Usuario.m */,
			);
			name = Models;
			path = "ios-clientes";
			sourceTree = "<group>";
		};
		80BDAB7817720FC800431A64 /* Categories */ = {
			isa = PBXGroup;
			children = (
				80BDAB791772101A00431A64 /* Usuario+Create.h */,
				80BDAB7A1772101A00431A64 /* Usuario+Create.m */,
				8019A44F177CA999000E372C /* Productos+Create.h */,
				8019A450177CA999000E372C /* Productos+Create.m */,
			);
			name = Categories;
			sourceTree = "<group>";
		};
		80E05687176900F100C15EC6 = {
			isa = PBXGroup;
			children = (
				80BDAB7317720EF000431A64 /* Models */,
				80E0569B176900F100C15EC6 /* ios-clientes */,
				80E056C1176900F100C15EC6 /* ios-clientesTests */,
				80E05692176900F100C15EC6 /* Frameworks */,
				80E05691176900F100C15EC6 /* Products */,
			);
			sourceTree = "<group>";
		};
		80E05691176900F100C15EC6 /* Products */ = {
			isa = PBXGroup;
			children = (
				80E05690176900F100C15EC6 /* ios-clientes.app */,
				80E056B9176900F100C15EC6 /* ios-clientesTests.xctest */,
			);
			name = Products;
			sourceTree = "<group>";
		};
		80E05692176900F100C15EC6 /* Frameworks */ = {
			isa = PBXGroup;
			children = (
				80E05693176900F100C15EC6 /* Foundation.framework */,
				80E05695176900F100C15EC6 /* CoreGraphics.framework */,
				80E05697176900F100C15EC6 /* UIKit.framework */,
				80E05699176900F100C15EC6 /* CoreData.framework */,
				80E056BA176900F100C15EC6 /* XCTest.framework */,
			);
			name = Frameworks;
			sourceTree = "<group>";
		};
		80E0569B176900F100C15EC6 /* ios-clientes */ = {
			isa = PBXGroup;
			children = (
				80FFB4D61770DD80005DB06F /* Libs */,
				80FC577B17709298008CC3EB /* Delegates */,
				80FC5778177090FA008CC3EB /* TextFields */,
				803DF4F5176F8E5F00C81849 /* ViewControllers */,
				80E056A4176900F100C15EC6 /* BVAppDelegate.h */,
				80E056A5176900F100C15EC6 /* BVAppDelegate.m */,
				80E056A7176900F100C15EC6 /* Main.storyboard */,
				80E056AD176900F100C15EC6 /* BVMasterViewController.h */,
				80E056AE176900F100C15EC6 /* BVMasterViewController.m */,
				80E056B3176900F100C15EC6 /* Images.xcassets */,
				80E056AA176900F100C15EC6 /* ios_clientes.xcdatamodeld */,
				80E0569C176900F100C15EC6 /* Supporting Files */,
			);
			path = "ios-clientes";
			sourceTree = "<group>";
		};
		80E0569C176900F100C15EC6 /* Supporting Files */ = {
			isa = PBXGroup;
			children = (
				80E0569D176900F100C15EC6 /* ios-clientes-Info.plist */,
				80E0569E176900F100C15EC6 /* InfoPlist.strings */,
				80E056A1176900F100C15EC6 /* main.m */,
				80E056A3176900F100C15EC6 /* ios-clientes-Prefix.pch */,
			);
			name = "Supporting Files";
			sourceTree = "<group>";
		};
		80E056C1176900F100C15EC6 /* ios-clientesTests */ = {
			isa = PBXGroup;
			children = (
				80BDAB7D1772217300431A64 /* BVLoginTests.m */,
				8019A455177CC663000E372C /* BVProductosTests.m */,
				80E056C2176900F100C15EC6 /* Supporting Files */,
			);
			path = "ios-clientesTests";
			sourceTree = "<group>";
		};
		80E056C2176900F100C15EC6 /* Supporting Files */ = {
			isa = PBXGroup;
			children = (
				80E056C3176900F100C15EC6 /* ios-clientesTests-Info.plist */,
				80E056C4176900F100C15EC6 /* InfoPlist.strings */,
			);
			name = "Supporting Files";
			sourceTree = "<group>";
		};
		80FC5778177090FA008CC3EB /* TextFields */ = {
			isa = PBXGroup;
			children = (
				80FC577917709278008CC3EB /* BVRutTextField.h */,
				80FC577A17709278008CC3EB /* BVRutTextField.m */,
			);
			name = TextFields;
			sourceTree = "<group>";
		};
		80FC577B17709298008CC3EB /* Delegates */ = {
			isa = PBXGroup;
			children = (
				80FFB4D41770CF90005DB06F /* BVRutTextFieldDelegate.h */,
			);
			name = Delegates;
			sourceTree = "<group>";
		};
		80FFB4D61770DD80005DB06F /* Libs */ = {
			isa = PBXGroup;
			children = (
				80FFB4D71770DDA5005DB06F /* CommonAlgorithm.h */,
				80FFB4D81770DDA5005DB06F /* CommonAlgorithm.m */,
				80BDAB7F17724FDF00431A64 /* BVApiConnection.h */,
				80BDAB8017724FDF00431A64 /* BVApiConnection.m */,
			);
			name = Libs;
			sourceTree = "<group>";
		};
/* End PBXGroup section */

/* Begin PBXNativeTarget section */
		80E0568F176900F100C15EC6 /* ios-clientes */ = {
			isa = PBXNativeTarget;
			buildConfigurationList = 80E056CB176900F100C15EC6 /* Build configuration list for PBXNativeTarget "ios-clientes" */;
			buildPhases = (
				80E0568C176900F100C15EC6 /* Sources */,
				80E0568D176900F100C15EC6 /* Frameworks */,
				80E0568E176900F100C15EC6 /* Resources */,
			);
			buildRules = (
			);
			dependencies = (
			);
			name = "ios-clientes";
			productName = "ios-clientes";
			productReference = 80E05690176900F100C15EC6 /* ios-clientes.app */;
			productType = "com.apple.product-type.application";
		};
		80E056B8176900F100C15EC6 /* ios-clientesTests */ = {
			isa = PBXNativeTarget;
			buildConfigurationList = 80E056CE176900F100C15EC6 /* Build configuration list for PBXNativeTarget "ios-clientesTests" */;
			buildPhases = (
				80E056B5176900F100C15EC6 /* Sources */,
				80E056B6176900F100C15EC6 /* Frameworks */,
				80E056B7176900F100C15EC6 /* Resources */,
			);
			buildRules = (
			);
			dependencies = (
				80E056C0176900F100C15EC6 /* PBXTargetDependency */,
			);
			name = "ios-clientesTests";
			productName = "ios-clientesTests";
			productReference = 80E056B9176900F100C15EC6 /* ios-clientesTests.xctest */;
			productType = "com.apple.product-type.bundle.unit-test";
		};
/* End PBXNativeTarget section */

/* Begin PBXProject section */
		80E05688176900F100C15EC6 /* Project object */ = {
			isa = PBXProject;
			attributes = {
				CLASSPREFIX = BV;
				LastUpgradeCheck = 0500;
				ORGANIZATIONNAME = "Bice Vida";
				TargetAttributes = {
					80E056B8176900F100C15EC6 = {
						TestTargetID = 80E0568F176900F100C15EC6;
					};
				};
			};
			buildConfigurationList = 80E0568B176900F100C15EC6 /* Build configuration list for PBXProject "ios-clientes" */;
			compatibilityVersion = "Xcode 3.2";
			developmentRegion = English;
			hasScannedForEncodings = 0;
			knownRegions = (
				en,
				Base,
			);
			mainGroup = 80E05687176900F100C15EC6;
			productRefGroup = 80E05691176900F100C15EC6 /* Products */;
			projectDirPath = "";
			projectRoot = "";
			targets = (
				80E0568F176900F100C15EC6 /* ios-clientes */,
				80E056B8176900F100C15EC6 /* ios-clientesTests */,
			);
		};
/* End PBXProject section */

/* Begin PBXResourcesBuildPhase section */
		80E0568E176900F100C15EC6 /* Resources */ = {
			isa = PBXResourcesBuildPhase;
			buildActionMask = 2147483647;
			files = (
				80E056B4176900F100C15EC6 /* Images.xcassets in Resources */,
				80E056A0176900F100C15EC6 /* InfoPlist.strings in Resources */,
				80E056A9176900F100C15EC6 /* Main.storyboard in Resources */,
			);
			runOnlyForDeploymentPostprocessing = 0;
		};
		80E056B7176900F100C15EC6 /* Resources */ = {
			isa = PBXResourcesBuildPhase;
			buildActionMask = 2147483647;
			files = (
				80E056C6176900F100C15EC6 /* InfoPlist.strings in Resources */,
			);
			runOnlyForDeploymentPostprocessing = 0;
		};
/* End PBXResourcesBuildPhase section */

/* Begin PBXSourcesBuildPhase section */
		80E0568C176900F100C15EC6 /* Sources */ = {
			isa = PBXSourcesBuildPhase;
			buildActionMask = 2147483647;
			files = (
				8019A45B177CC8E5000E372C /* Productos.m in Sources */,
				8019A45C177CC8E5000E372C /* Usuario.m in Sources */,
				8019A451177CA9A2000E372C /* Productos+Create.m in Sources */,
				80C7BF38177B922B00936A2C /* Usuario+Create.m in Sources */,
				80C7BF35177B7D1000936A2C /* BVProductosViewController.m in Sources */,
				80BDAB811772500300431A64 /* BVApiConnection.m in Sources */,
				80FFB4D91770DF2E005DB06F /* CommonAlgorithm.m in Sources */,
				80FFB4D31770CD01005DB06F /* BVRutTextField.m in Sources */,
				80E056AC176900F100C15EC6 /* ios_clientes.xcdatamodeld in Sources */,
				80E056A6176900F100C15EC6 /* BVAppDelegate.m in Sources */,
				80E056AF176900F100C15EC6 /* BVMasterViewController.m in Sources */,
				80E056B2176900F100C15EC6 /* BVLoginViewController.m in Sources */,
				80E056A2176900F100C15EC6 /* main.m in Sources */,
			);
			runOnlyForDeploymentPostprocessing = 0;
		};
		80E056B5176900F100C15EC6 /* Sources */ = {
			isa = PBXSourcesBuildPhase;
			buildActionMask = 2147483647;
			files = (
				8019A456177CC682000E372C /* BVProductosTests.m in Sources */,
				80BDAB7E177221E100431A64 /* BVLoginTests.m in Sources */,
			);
			runOnlyForDeploymentPostprocessing = 0;
		};
/* End PBXSourcesBuildPhase section */

/* Begin PBXTargetDependency section */
		80E056C0176900F100C15EC6 /* PBXTargetDependency */ = {
			isa = PBXTargetDependency;
			target = 80E0568F176900F100C15EC6 /* ios-clientes */;
			targetProxy = 80E056BF176900F100C15EC6 /* PBXContainerItemProxy */;
		};
/* End PBXTargetDependency section */

/* Begin PBXVariantGroup section */
		80E0569E176900F100C15EC6 /* InfoPlist.strings */ = {
			isa = PBXVariantGroup;
			children = (
				80E0569F176900F100C15EC6 /* en */,
			);
			name = InfoPlist.strings;
			sourceTree = "<group>";
		};
		80E056A7176900F100C15EC6 /* Main.storyboard */ = {
			isa = PBXVariantGroup;
			children = (
				80E056A8176900F100C15EC6 /* Base */,
			);
			name = Main.storyboard;
			sourceTree = "<group>";
		};
		80E056C4176900F100C15EC6 /* InfoPlist.strings */ = {
			isa = PBXVariantGroup;
			children = (
				80E056C5176900F100C15EC6 /* en */,
			);
			name = InfoPlist.strings;
			sourceTree = "<group>";
		};
/* End PBXVariantGroup section */

/* Begin XCBuildConfiguration section */
		80E056C9176900F100C15EC6 /* Debug */ = {
			isa = XCBuildConfiguration;
			buildSettings = {
				ALWAYS_SEARCH_USER_PATHS = NO;
				CLANG_CXX_LANGUAGE_STANDARD = "gnu++0x";
				CLANG_CXX_LIBRARY = "libc++";
				CLANG_ENABLE_MODULES = YES;
				CLANG_ENABLE_OBJC_ARC = YES;
				CLANG_WARN_BOOL_CONVERSION = YES;
				CLANG_WARN_CONSTANT_CONVERSION = YES;
				CLANG_WARN_DIRECT_OBJC_ISA_USAGE = YES_ERROR;
				CLANG_WARN_EMPTY_BODY = YES;
				CLANG_WARN_ENUM_CONVERSION = YES;
				CLANG_WARN_INT_CONVERSION = YES;
				CLANG_WARN_OBJC_ROOT_CLASS = YES_ERROR;
				CLANG_WARN__DUPLICATE_METHOD_MATCH = YES;
				"CODE_SIGN_IDENTITY[sdk=iphoneos*]" = "iPhone Developer";
				COPY_PHASE_STRIP = NO;
				GCC_C_LANGUAGE_STANDARD = gnu99;
				GCC_DYNAMIC_NO_PIC = NO;
				GCC_OPTIMIZATION_LEVEL = 0;
				GCC_PREPROCESSOR_DEFINITIONS = (
					"DEBUG=1",
					"$(inherited)",
				);
				GCC_SYMBOLS_PRIVATE_EXTERN = NO;
				GCC_WARN_ABOUT_RETURN_TYPE = YES_ERROR;
				GCC_WARN_UNDECLARED_SELECTOR = YES;
				GCC_WARN_UNINITIALIZED_AUTOS = YES;
				GCC_WARN_UNUSED_FUNCTION = YES;
				GCC_WARN_UNUSED_VARIABLE = YES;
				IPHONEOS_DEPLOYMENT_TARGET = 7.0;
				ONLY_ACTIVE_ARCH = YES;
				SDKROOT = iphoneos;
			};
			name = Debug;
		};
		80E056CA176900F100C15EC6 /* Release */ = {
			isa = XCBuildConfiguration;
			buildSettings = {
				ALWAYS_SEARCH_USER_PATHS = NO;
				CLANG_CXX_LANGUAGE_STANDARD = "gnu++0x";
				CLANG_CXX_LIBRARY = "libc++";
				CLANG_ENABLE_MODULES = YES;
				CLANG_ENABLE_OBJC_ARC = YES;
				CLANG_WARN_BOOL_CONVERSION = YES;
				CLANG_WARN_CONSTANT_CONVERSION = YES;
				CLANG_WARN_DIRECT_OBJC_ISA_USAGE = YES_ERROR;
				CLANG_WARN_EMPTY_BODY = YES;
				CLANG_WARN_ENUM_CONVERSION = YES;
				CLANG_WARN_INT_CONVERSION = YES;
				CLANG_WARN_OBJC_ROOT_CLASS = YES_ERROR;
				CLANG_WARN__DUPLICATE_METHOD_MATCH = YES;
				"CODE_SIGN_IDENTITY[sdk=iphoneos*]" = "iPhone Developer";
				COPY_PHASE_STRIP = YES;
				ENABLE_NS_ASSERTIONS = NO;
				GCC_C_LANGUAGE_STANDARD = gnu99;
				GCC_WARN_ABOUT_RETURN_TYPE = YES_ERROR;
				GCC_WARN_UNDECLARED_SELECTOR = YES;
				GCC_WARN_UNINITIALIZED_AUTOS = YES;
				GCC_WARN_UNUSED_FUNCTION = YES;
				GCC_WARN_UNUSED_VARIABLE = YES;
				IPHONEOS_DEPLOYMENT_TARGET = 7.0;
				SDKROOT = iphoneos;
				VALIDATE_PRODUCT = YES;
			};
			name = Release;
		};
		80E056CC176900F100C15EC6 /* Debug */ = {
			isa = XCBuildConfiguration;
			buildSettings = {
				ASSETCATALOG_COMPILER_APPICON_NAME = AppIcon;
				ASSETCATALOG_COMPILER_LAUNCHIMAGE_NAME = LaunchImage;
				GCC_PRECOMPILE_PREFIX_HEADER = YES;
				GCC_PREFIX_HEADER = "ios-clientes/ios-clientes-Prefix.pch";
				INFOPLIST_FILE = "ios-clientes/ios-clientes-Info.plist";
				PRODUCT_NAME = "$(TARGET_NAME)";
				WRAPPER_EXTENSION = app;
			};
			name = Debug;
		};
		80E056CD176900F100C15EC6 /* Release */ = {
			isa = XCBuildConfiguration;
			buildSettings = {
				ASSETCATALOG_COMPILER_APPICON_NAME = AppIcon;
				ASSETCATALOG_COMPILER_LAUNCHIMAGE_NAME = LaunchImage;
				GCC_PRECOMPILE_PREFIX_HEADER = YES;
				GCC_PREFIX_HEADER = "ios-clientes/ios-clientes-Prefix.pch";
				INFOPLIST_FILE = "ios-clientes/ios-clientes-Info.plist";
				PRODUCT_NAME = "$(TARGET_NAME)";
				WRAPPER_EXTENSION = app;
			};
			name = Release;
		};
		80E056CF176900F100C15EC6 /* Debug */ = {
			isa = XCBuildConfiguration;
			buildSettings = {
				BUNDLE_LOADER = "$(BUILT_PRODUCTS_DIR)/ios-clientes.app/ios-clientes";
				FRAMEWORK_SEARCH_PATHS = (
					"$(SDKROOT)/Developer/Library/Frameworks",
					"$(inherited)",
					"$(SYSTEM_APPS_DIR)/Xcode5-DP2.app/Contents/Developer/Library/Frameworks",
				);
				GCC_PRECOMPILE_PREFIX_HEADER = YES;
				GCC_PREFIX_HEADER = "ios-clientes/ios-clientes-Prefix.pch";
				GCC_PREPROCESSOR_DEFINITIONS = (
					"DEBUG=1",
					"$(inherited)",
				);
				INFOPLIST_FILE = "ios-clientesTests/ios-clientesTests-Info.plist";
				PRODUCT_NAME = "$(TARGET_NAME)";
				TEST_HOST = "$(BUNDLE_LOADER)";
				WRAPPER_EXTENSION = xctest;
			};
			name = Debug;
		};
		80E056D0176900F100C15EC6 /* Release */ = {
			isa = XCBuildConfiguration;
			buildSettings = {
				BUNDLE_LOADER = "$(BUILT_PRODUCTS_DIR)/ios-clientes.app/ios-clientes";
				FRAMEWORK_SEARCH_PATHS = (
					"$(SDKROOT)/Developer/Library/Frameworks",
					"$(inherited)",
					"$(SYSTEM_APPS_DIR)/Xcode5-DP2.app/Contents/Developer/Library/Frameworks",
				);
				GCC_PRECOMPILE_PREFIX_HEADER = YES;
				GCC_PREFIX_HEADER = "ios-clientes/ios-clientes-Prefix.pch";
				INFOPLIST_FILE = "ios-clientesTests/ios-clientesTests-Info.plist";
				PRODUCT_NAME = "$(TARGET_NAME)";
				TEST_HOST = "$(BUNDLE_LOADER)";
				WRAPPER_EXTENSION = xctest;
			};
			name = Release;
		};
/* End XCBuildConfiguration section */

/* Begin XCConfigurationList section */
		80E0568B176900F100C15EC6 /* Build configuration list for PBXProject "ios-clientes" */ = {
			isa = XCConfigurationList;
			buildConfigurations = (
				80E056C9176900F100C15EC6 /* Debug */,
				80E056CA176900F100C15EC6 /* Release */,
			);
			defaultConfigurationIsVisible = 0;
			defaultConfigurationName = Release;
		};
		80E056CB176900F100C15EC6 /* Build configuration list for PBXNativeTarget "ios-clientes" */ = {
			isa = XCConfigurationList;
			buildConfigurations = (
				80E056CC176900F100C15EC6 /* Debug */,
				80E056CD176900F100C15EC6 /* Release */,
			);
			defaultConfigurationIsVisible = 0;
			defaultConfigurationName = Release;
		};
		80E056CE176900F100C15EC6 /* Build configuration list for PBXNativeTarget "ios-clientesTests" */ = {
			isa = XCConfigurationList;
			buildConfigurations = (
				80E056CF176900F100C15EC6 /* Debug */,
				80E056D0176900F100C15EC6 /* Release */,
			);
			defaultConfigurationIsVisible = 0;
			defaultConfigurationName = Release;
		};
/* End XCConfigurationList section */

/* Begin XCVersionGroup section */
		80E056AA176900F100C15EC6 /* ios_clientes.xcdatamodeld */ = {
			isa = XCVersionGroup;
			children = (
				80E056AB176900F100C15EC6 /* ios_clientes.xcdatamodel */,
			);
			currentVersion = 80E056AB176900F100C15EC6 /* ios_clientes.xcdatamodel */;
			path = ios_clientes.xcdatamodeld;
			sourceTree = "<group>";
			versionGroupType = wrapper.xcdatamodel;
		};
/* End XCVersionGroup section */
	};
	rootObject = 80E05688176900F100C15EC6 /* Project object */;
}
